{
  "name": "wgp",
  "lockfileVersion": 3,
  "requires": true,
  "packages": {
    "": {
      "dependencies": {
        "layer8-interceptor-rs": "^0.0.6",
        "layer8-middleware-rs": "^0.1.19"
      }
    },
    "node_modules/layer8-interceptor-rs": {
      "version": "0.0.6",
      "resolved": "https://registry.npmjs.org/layer8-interceptor-rs/-/layer8-interceptor-rs-0.0.6.tgz",
      "integrity": "sha512-d38YGRJx2tfbmzjENrf8R0WKcf8EhfI4mMkHcmihMDB1V4kvtSNGwN10xV2GLz2Yk3hsbIQ6c8HqgYro+P1hWw==",
      "license": "GNU GPLv2"
    },
    "node_modules/layer8-middleware-rs": {
      "version": "0.1.19",
      "resolved": "https://registry.npmjs.org/layer8-middleware-rs/-/layer8-middleware-rs-0.1.19.tgz",
      "integrity": "sha512-CZevXZb9hG4AQFGReCOr40azMJavb6iDFFJ6FwAWznbD/so3SFqGb+11ZfG9Gi/2g84s4EpHrqLEc6gBsBG0zw==",
      "license": "GNU GPLv2"
    }
  }
}
